
Microsoft Visual Studio Solution File, Format Version 12.00
# Visual Studio Version 16
VisualStudioVersion = 16.0.33927.289
MinimumVisualStudioVersion = 10.0.40219.1
Project("{2150E333-8FDC-42A3-9474-1A3956D46DE8}") = "Task0", "Task0", "{081BA67C-6171-4837-A161-DEF19A6FFBF7}"
EndProject
Project("{FAE04EC0-301F-11D3-BF4B-00C04F79EFBC}") = "Tyuiu.KasenovAE.Sprint2.Task0.V20", "Tyuiu.KasenovAE.Sprint2.Task0.V20\Tyuiu.KasenovAE.Sprint2.Task0.V20.csproj", "{D7657D1E-442B-4FC1-B013-DE4F425B8415}"
EndProject
Project("{FAE04EC0-301F-11D3-BF4B-00C04F79EFBC}") = "Tyuiu.KasenovAE.Sprint2.Task0.V20.Lib", "Tyuiu.KasenovAE.Sprint2.Task0.V20.Lib\Tyuiu.KasenovAE.Sprint2.Task0.V20.Lib.csproj", "{016BC75F-5927-43B0-AD20-D6BA7139533A}"
EndProject
Project("{FAE04EC0-301F-11D3-BF4B-00C04F79EFBC}") = "Tyuiu.KasenovAE.Sprint2.Task0.V20.Test", "Tyuiu.KasenovAE.Sprint2.Task0.V20.Test\Tyuiu.KasenovAE.Sprint2.Task0.V20.Test.csproj", "{09287247-3001-49A7-8B03-AA33C8A3FC3D}"
EndProject
Project("{2150E333-8FDC-42A3-9474-1A3956D46DE8}") = "Task1", "Task1", "{C27D8BB3-CE86-4CB0-B7B6-C93073AF40CA}"
EndProject
Project("{FAE04EC0-301F-11D3-BF4B-00C04F79EFBC}") = "Tyuiu.KasenovAE.Sprint2.Task1.V3", "Tyuiu.KasenovAE.Sprint2.Task1.V3\Tyuiu.KasenovAE.Sprint2.Task1.V3.csproj", "{709FCCF7-CA37-4751-8B85-7AD7B2EA7048}"
EndProject
Project("{FAE04EC0-301F-11D3-BF4B-00C04F79EFBC}") = "Tyuiu.KasenovAE.Sprint2.Task1.V3.Lib", "Tyuiu.KasenovAE.Sprint2.Task1.V3.Lib\Tyuiu.KasenovAE.Sprint2.Task1.V3.Lib.csproj", "{E3E5F327-F8F6-42F3-8AEB-CF3686AD7E59}"
EndProject
Project("{FAE04EC0-301F-11D3-BF4B-00C04F79EFBC}") = "Tyuiu.KasenovAE.Sprint2.Task1.V3.Test", "Tyuiu.KasenovAE.Sprint2.Task1.V3.Test\Tyuiu.KasenovAE.Sprint2.Task1.V3.Test.csproj", "{D182481C-42FA-4702-8691-ED03C3BD7892}"
EndProject
Project("{2150E333-8FDC-42A3-9474-1A3956D46DE8}") = "Task2", "Task2", "{ED2FAE0D-AC23-443A-ABFF-39F9B83C9291}"
EndProject
Project("{FAE04EC0-301F-11D3-BF4B-00C04F79EFBC}") = "Tyuiu.KasenovAE.Sprint2.Task2.V2", "Tyuiu.KasenovAE.Sprint2.Task2.V2\Tyuiu.KasenovAE.Sprint2.Task2.V2.csproj", "{B3610635-F606-4600-B4FA-7AA4DDDC000C}"
EndProject
Project("{FAE04EC0-301F-11D3-BF4B-00C04F79EFBC}") = "Tyuiu.KasenovAE.Sprint2.Task2.V2.Lib", "Tyuiu.KasenovAE.Sprint2.Task2.V2.Lib\Tyuiu.KasenovAE.Sprint2.Task2.V2.Lib.csproj", "{FD0D62B2-BEDC-49D1-AE35-57F52C5B7741}"
EndProject
Project("{FAE04EC0-301F-11D3-BF4B-00C04F79EFBC}") = "Tyuiu.KasenovAE.Sprint2.Task2.V2.Test", "Tyuiu.KasenovAE.Sprint2.Task2.V2.Test\Tyuiu.KasenovAE.Sprint2.Task2.V2.Test.csproj", "{D2241460-07C8-4F17-B6CB-BAD09777437E}"
EndProject
Project("{2150E333-8FDC-42A3-9474-1A3956D46DE8}") = "Task3", "Task3", "{2FE71512-7E18-4484-ADAA-82274F019200}"
EndProject
Project("{FAE04EC0-301F-11D3-BF4B-00C04F79EFBC}") = "Tyuiu.KasenovAE.Sprint2.Task3.V7", "Tyuiu.KasenovAE.Sprint2.Task3.V7\Tyuiu.KasenovAE.Sprint2.Task3.V7.csproj", "{727ED0D7-81CB-41C6-8B23-5E55006846A7}"
EndProject
Project("{FAE04EC0-301F-11D3-BF4B-00C04F79EFBC}") = "Tyuiu.KasenovAE.Sprint2.Task3.V7.Lib", "Tyuiu.KasenovAE.Sprint2.Task3.V7.Lib\Tyuiu.KasenovAE.Sprint2.Task3.V7.Lib.csproj", "{2409ECD6-801D-44F6-A5A0-7A2B542CAAE8}"
EndProject
Project("{FAE04EC0-301F-11D3-BF4B-00C04F79EFBC}") = "Tyuiu.KasenovAE.Sprint2.Task3.V7.Test", "Tyuiu.KasenovAE.Sprint2.Task3.V7.Test\Tyuiu.KasenovAE.Sprint2.Task3.V7.Test.csproj", "{A7A33134-1486-4745-AEEB-0506ABF2DA4B}"
EndProject
Project("{2150E333-8FDC-42A3-9474-1A3956D46DE8}") = "Task4", "Task4", "{699BA480-115B-4AC4-9316-E4006587E4F4}"
EndProject
Project("{FAE04EC0-301F-11D3-BF4B-00C04F79EFBC}") = "Tyuiu.KasenovAE.Sprint2.Task4.V23", "Tyuiu.KasenovAE.Sprint2.Task4.V23\Tyuiu.KasenovAE.Sprint2.Task4.V23.csproj", "{DC774660-AB03-41AC-AEE2-404783B408C5}"
EndProject
Project("{FAE04EC0-301F-11D3-BF4B-00C04F79EFBC}") = "Tyuiu.KasenovAE.Sprint2.Task4.V23.Lib", "Tyuiu.KasenovAE.Sprint2.Task4.V23.Lib\Tyuiu.KasenovAE.Sprint2.Task4.V23.Lib.csproj", "{7E3D4475-3596-4D10-A4D7-D56E1C76F54E}"
EndProject
Project("{FAE04EC0-301F-11D3-BF4B-00C04F79EFBC}") = "Tyuiu.KasenovAE.Sprint2.Task4.V23.Test", "Tyuiu.KasenovAE.Sprint2.Task4.V23.Test\Tyuiu.KasenovAE.Sprint2.Task4.V23.Test.csproj", "{F765E34C-D4D8-4983-A41C-FC0B4C404AC4}"
EndProject
Project("{2150E333-8FDC-42A3-9474-1A3956D46DE8}") = "Task5", "Task5", "{F7D69287-DEB1-42C2-BB2E-8C6F8F606FA8}"
EndProject
Project("{FAE04EC0-301F-11D3-BF4B-00C04F79EFBC}") = "Tyuiu.KasenovAE.Sprint2.Task5.V11", "Tyuiu.KasenovAE.Sprint2.Task5.V11\Tyuiu.KasenovAE.Sprint2.Task5.V11.csproj", "{B4402463-B036-419C-885A-E45771B7E6B8}"
EndProject
Project("{FAE04EC0-301F-11D3-BF4B-00C04F79EFBC}") = "Tyuiu.KasenovAE.Sprint2.Task5.V11.Lib", "Tyuiu.KasenovAE.Sprint2.Task5.V11.Lib\Tyuiu.KasenovAE.Sprint2.Task5.V11.Lib.csproj", "{D2E7C446-5142-4100-8361-CB39E0C62B74}"
EndProject
Project("{FAE04EC0-301F-11D3-BF4B-00C04F79EFBC}") = "Tyuiu.KasenovAE.Sprint2.Task5.V11.Test", "Tyuiu.KasenovAE.Sprint2.Task5.V11.Test\Tyuiu.KasenovAE.Sprint2.Task5.V11.Test.csproj", "{2C750E70-F988-4A03-8C14-2E8AA5629D2E}"
EndProject
Project("{2150E333-8FDC-42A3-9474-1A3956D46DE8}") = "Task6", "Task6", "{9F8F4B7B-30BA-4670-BA01-3C8C40605B3D}"
EndProject
Project("{FAE04EC0-301F-11D3-BF4B-00C04F79EFBC}") = "Tyuiu.KasenovAE.Sprint2.Task6.V6", "Tyuiu.KasenovAE.Sprint2.Task6.V6\Tyuiu.KasenovAE.Sprint2.Task6.V6.csproj", "{8E5472F5-735B-40D1-A276-B5D7E5F95804}"
EndProject
Project("{FAE04EC0-301F-11D3-BF4B-00C04F79EFBC}") = "Tyuiu.KasenovAE.Sprint2.Task6.V6.Test", "Tyuiu.KasenovAE.Sprint2.Task6.V6.Test\Tyuiu.KasenovAE.Sprint2.Task6.V6.Test.csproj", "{EE5E9F07-EF3E-431F-8D35-FDBBF9FFD1AC}"
EndProject
Project("{FAE04EC0-301F-11D3-BF4B-00C04F79EFBC}") = "Tyuiu.KasenovAE.Sprint2.Task6.V6.Lib", "Tyuiu.KasenovAE.Sprint2.Task6.V6.Lib\Tyuiu.KasenovAE.Sprint2.Task6.V6.Lib.csproj", "{0738FC86-3463-47F8-B904-658A45F64BE2}"
EndProject
Global
	GlobalSection(SolutionConfigurationPlatforms) = preSolution
		Debug|Any CPU = Debug|Any CPU
		Release|Any CPU = Release|Any CPU
	EndGlobalSection
	GlobalSection(ProjectConfigurationPlatforms) = postSolution
		{D7657D1E-442B-4FC1-B013-DE4F425B8415}.Debug|Any CPU.ActiveCfg = Debug|Any CPU
		{D7657D1E-442B-4FC1-B013-DE4F425B8415}.Debug|Any CPU.Build.0 = Debug|Any CPU
		{D7657D1E-442B-4FC1-B013-DE4F425B8415}.Release|Any CPU.ActiveCfg = Release|Any CPU
		{D7657D1E-442B-4FC1-B013-DE4F425B8415}.Release|Any CPU.Build.0 = Release|Any CPU
		{016BC75F-5927-43B0-AD20-D6BA7139533A}.Debug|Any CPU.ActiveCfg = Debug|Any CPU
		{016BC75F-5927-43B0-AD20-D6BA7139533A}.Debug|Any CPU.Build.0 = Debug|Any CPU
		{016BC75F-5927-43B0-AD20-D6BA7139533A}.Release|Any CPU.ActiveCfg = Release|Any CPU
		{016BC75F-5927-43B0-AD20-D6BA7139533A}.Release|Any CPU.Build.0 = Release|Any CPU
		{09287247-3001-49A7-8B03-AA33C8A3FC3D}.Debug|Any CPU.ActiveCfg = Debug|Any CPU
		{09287247-3001-49A7-8B03-AA33C8A3FC3D}.Debug|Any CPU.Build.0 = Debug|Any CPU
		{09287247-3001-49A7-8B03-AA33C8A3FC3D}.Release|Any CPU.ActiveCfg = Release|Any CPU
		{09287247-3001-49A7-8B03-AA33C8A3FC3D}.Release|Any CPU.Build.0 = Release|Any CPU
		{709FCCF7-CA37-4751-8B85-7AD7B2EA7048}.Debug|Any CPU.ActiveCfg = Debug|Any CPU
		{709FCCF7-CA37-4751-8B85-7AD7B2EA7048}.Debug|Any CPU.Build.0 = Debug|Any CPU
		{709FCCF7-CA37-4751-8B85-7AD7B2EA7048}.Release|Any CPU.ActiveCfg = Release|Any CPU
		{709FCCF7-CA37-4751-8B85-7AD7B2EA7048}.Release|Any CPU.Build.0 = Release|Any CPU
		{E3E5F327-F8F6-42F3-8AEB-CF3686AD7E59}.Debug|Any CPU.ActiveCfg = Debug|Any CPU
		{E3E5F327-F8F6-42F3-8AEB-CF3686AD7E59}.Debug|Any CPU.Build.0 = Debug|Any CPU
		{E3E5F327-F8F6-42F3-8AEB-CF3686AD7E59}.Release|Any CPU.ActiveCfg = Release|Any CPU
		{E3E5F327-F8F6-42F3-8AEB-CF3686AD7E59}.Release|Any CPU.Build.0 = Release|Any CPU
		{D182481C-42FA-4702-8691-ED03C3BD7892}.Debug|Any CPU.ActiveCfg = Debug|Any CPU
		{D182481C-42FA-4702-8691-ED03C3BD7892}.Debug|Any CPU.Build.0 = Debug|Any CPU
		{D182481C-42FA-4702-8691-ED03C3BD7892}.Release|Any CPU.ActiveCfg = Release|Any CPU
		{D182481C-42FA-4702-8691-ED03C3BD7892}.Release|Any CPU.Build.0 = Release|Any CPU
		{B3610635-F606-4600-B4FA-7AA4DDDC000C}.Debug|Any CPU.ActiveCfg = Debug|Any CPU
		{B3610635-F606-4600-B4FA-7AA4DDDC000C}.Debug|Any CPU.Build.0 = Debug|Any CPU
		{B3610635-F606-4600-B4FA-7AA4DDDC000C}.Release|Any CPU.ActiveCfg = Release|Any CPU
		{B3610635-F606-4600-B4FA-7AA4DDDC000C}.Release|Any CPU.Build.0 = Release|Any CPU
		{FD0D62B2-BEDC-49D1-AE35-57F52C5B7741}.Debug|Any CPU.ActiveCfg = Debug|Any CPU
		{FD0D62B2-BEDC-49D1-AE35-57F52C5B7741}.Debug|Any CPU.Build.0 = Debug|Any CPU
		{FD0D62B2-BEDC-49D1-AE35-57F52C5B7741}.Release|Any CPU.ActiveCfg = Release|Any CPU
		{FD0D62B2-BEDC-49D1-AE35-57F52C5B7741}.Release|Any CPU.Build.0 = Release|Any CPU
		{D2241460-07C8-4F17-B6CB-BAD09777437E}.Debug|Any CPU.ActiveCfg = Debug|Any CPU
		{D2241460-07C8-4F17-B6CB-BAD09777437E}.Debug|Any CPU.Build.0 = Debug|Any CPU
		{D2241460-07C8-4F17-B6CB-BAD09777437E}.Release|Any CPU.ActiveCfg = Release|Any CPU
		{D2241460-07C8-4F17-B6CB-BAD09777437E}.Release|Any CPU.Build.0 = Release|Any CPU
		{727ED0D7-81CB-41C6-8B23-5E55006846A7}.Debug|Any CPU.ActiveCfg = Debug|Any CPU
		{727ED0D7-81CB-41C6-8B23-5E55006846A7}.Debug|Any CPU.Build.0 = Debug|Any CPU
		{727ED0D7-81CB-41C6-8B23-5E55006846A7}.Release|Any CPU.ActiveCfg = Release|Any CPU
		{727ED0D7-81CB-41C6-8B23-5E55006846A7}.Release|Any CPU.Build.0 = Release|Any CPU
		{2409ECD6-801D-44F6-A5A0-7A2B542CAAE8}.Debug|Any CPU.ActiveCfg = Debug|Any CPU
		{2409ECD6-801D-44F6-A5A0-7A2B542CAAE8}.Debug|Any CPU.Build.0 = Debug|Any CPU
		{2409ECD6-801D-44F6-A5A0-7A2B542CAAE8}.Release|Any CPU.ActiveCfg = Release|Any CPU
		{2409ECD6-801D-44F6-A5A0-7A2B542CAAE8}.Release|Any CPU.Build.0 = Release|Any CPU
		{A7A33134-1486-4745-AEEB-0506ABF2DA4B}.Debug|Any CPU.ActiveCfg = Debug|Any CPU
		{A7A33134-1486-4745-AEEB-0506ABF2DA4B}.Debug|Any CPU.Build.0 = Debug|Any CPU
		{A7A33134-1486-4745-AEEB-0506ABF2DA4B}.Release|Any CPU.ActiveCfg = Release|Any CPU
		{A7A33134-1486-4745-AEEB-0506ABF2DA4B}.Release|Any CPU.Build.0 = Release|Any CPU
		{DC774660-AB03-41AC-AEE2-404783B408C5}.Debug|Any CPU.ActiveCfg = Debug|Any CPU
		{DC774660-AB03-41AC-AEE2-404783B408C5}.Debug|Any CPU.Build.0 = Debug|Any CPU
		{DC774660-AB03-41AC-AEE2-404783B408C5}.Release|Any CPU.ActiveCfg = Release|Any CPU
		{DC774660-AB03-41AC-AEE2-404783B408C5}.Release|Any CPU.Build.0 = Release|Any CPU
		{7E3D4475-3596-4D10-A4D7-D56E1C76F54E}.Debug|Any CPU.ActiveCfg = Debug|Any CPU
		{7E3D4475-3596-4D10-A4D7-D56E1C76F54E}.Debug|Any CPU.Build.0 = Debug|Any CPU
		{7E3D4475-3596-4D10-A4D7-D56E1C76F54E}.Release|Any CPU.ActiveCfg = Release|Any CPU
		{7E3D4475-3596-4D10-A4D7-D56E1C76F54E}.Release|Any CPU.Build.0 = Release|Any CPU
		{F765E34C-D4D8-4983-A41C-FC0B4C404AC4}.Debug|Any CPU.ActiveCfg = Debug|Any CPU
		{F765E34C-D4D8-4983-A41C-FC0B4C404AC4}.Debug|Any CPU.Build.0 = Debug|Any CPU
		{F765E34C-D4D8-4983-A41C-FC0B4C404AC4}.Release|Any CPU.ActiveCfg = Release|Any CPU
		{F765E34C-D4D8-4983-A41C-FC0B4C404AC4}.Release|Any CPU.Build.0 = Release|Any CPU
		{B4402463-B036-419C-885A-E45771B7E6B8}.Debug|Any CPU.ActiveCfg = Debug|Any CPU
		{B4402463-B036-419C-885A-E45771B7E6B8}.Debug|Any CPU.Build.0 = Debug|Any CPU
		{B4402463-B036-419C-885A-E45771B7E6B8}.Release|Any CPU.ActiveCfg = Release|Any CPU
		{B4402463-B036-419C-885A-E45771B7E6B8}.Release|Any CPU.Build.0 = Release|Any CPU
		{D2E7C446-5142-4100-8361-CB39E0C62B74}.Debug|Any CPU.ActiveCfg = Debug|Any CPU
		{D2E7C446-5142-4100-8361-CB39E0C62B74}.Debug|Any CPU.Build.0 = Debug|Any CPU
		{D2E7C446-5142-4100-8361-CB39E0C62B74}.Release|Any CPU.ActiveCfg = Release|Any CPU
		{D2E7C446-5142-4100-8361-CB39E0C62B74}.Release|Any CPU.Build.0 = Release|Any CPU
		{2C750E70-F988-4A03-8C14-2E8AA5629D2E}.Debug|Any CPU.ActiveCfg = Debug|Any CPU
		{2C750E70-F988-4A03-8C14-2E8AA5629D2E}.Debug|Any CPU.Build.0 = Debug|Any CPU
		{2C750E70-F988-4A03-8C14-2E8AA5629D2E}.Release|Any CPU.ActiveCfg = Release|Any CPU
		{2C750E70-F988-4A03-8C14-2E8AA5629D2E}.Release|Any CPU.Build.0 = Release|Any CPU
		{8E5472F5-735B-40D1-A276-B5D7E5F95804}.Debug|Any CPU.ActiveCfg = Debug|Any CPU
		{8E5472F5-735B-40D1-A276-B5D7E5F95804}.Debug|Any CPU.Build.0 = Debug|Any CPU
		{8E5472F5-735B-40D1-A276-B5D7E5F95804}.Release|Any CPU.ActiveCfg = Release|Any CPU
		{8E5472F5-735B-40D1-A276-B5D7E5F95804}.Release|Any CPU.Build.0 = Release|Any CPU
		{EE5E9F07-EF3E-431F-8D35-FDBBF9FFD1AC}.Debug|Any CPU.ActiveCfg = Debug|Any CPU
		{EE5E9F07-EF3E-431F-8D35-FDBBF9FFD1AC}.Debug|Any CPU.Build.0 = Debug|Any CPU
		{EE5E9F07-EF3E-431F-8D35-FDBBF9FFD1AC}.Release|Any CPU.ActiveCfg = Release|Any CPU
		{EE5E9F07-EF3E-431F-8D35-FDBBF9FFD1AC}.Release|Any CPU.Build.0 = Release|Any CPU
		{0738FC86-3463-47F8-B904-658A45F64BE2}.Debug|Any CPU.ActiveCfg = Debug|Any CPU
		{0738FC86-3463-47F8-B904-658A45F64BE2}.Debug|Any CPU.Build.0 = Debug|Any CPU
		{0738FC86-3463-47F8-B904-658A45F64BE2}.Release|Any CPU.ActiveCfg = Release|Any CPU
		{0738FC86-3463-47F8-B904-658A45F64BE2}.Release|Any CPU.Build.0 = Release|Any CPU
	EndGlobalSection
	GlobalSection(SolutionProperties) = preSolution
		HideSolutionNode = FALSE
	EndGlobalSection
	GlobalSection(NestedProjects) = preSolution
		{D7657D1E-442B-4FC1-B013-DE4F425B8415} = {081BA67C-6171-4837-A161-DEF19A6FFBF7}
		{016BC75F-5927-43B0-AD20-D6BA7139533A} = {081BA67C-6171-4837-A161-DEF19A6FFBF7}
		{09287247-3001-49A7-8B03-AA33C8A3FC3D} = {081BA67C-6171-4837-A161-DEF19A6FFBF7}
		{709FCCF7-CA37-4751-8B85-7AD7B2EA7048} = {C27D8BB3-CE86-4CB0-B7B6-C93073AF40CA}
		{E3E5F327-F8F6-42F3-8AEB-CF3686AD7E59} = {C27D8BB3-CE86-4CB0-B7B6-C93073AF40CA}
		{D182481C-42FA-4702-8691-ED03C3BD7892} = {C27D8BB3-CE86-4CB0-B7B6-C93073AF40CA}
		{B3610635-F606-4600-B4FA-7AA4DDDC000C} = {ED2FAE0D-AC23-443A-ABFF-39F9B83C9291}
		{FD0D62B2-BEDC-49D1-AE35-57F52C5B7741} = {ED2FAE0D-AC23-443A-ABFF-39F9B83C9291}
		{D2241460-07C8-4F17-B6CB-BAD09777437E} = {ED2FAE0D-AC23-443A-ABFF-39F9B83C9291}
		{727ED0D7-81CB-41C6-8B23-5E55006846A7} = {2FE71512-7E18-4484-ADAA-82274F019200}
		{2409ECD6-801D-44F6-A5A0-7A2B542CAAE8} = {2FE71512-7E18-4484-ADAA-82274F019200}
		{A7A33134-1486-4745-AEEB-0506ABF2DA4B} = {2FE71512-7E18-4484-ADAA-82274F019200}
		{DC774660-AB03-41AC-AEE2-404783B408C5} = {699BA480-115B-4AC4-9316-E4006587E4F4}
		{7E3D4475-3596-4D10-A4D7-D56E1C76F54E} = {699BA480-115B-4AC4-9316-E4006587E4F4}
		{F765E34C-D4D8-4983-A41C-FC0B4C404AC4} = {699BA480-115B-4AC4-9316-E4006587E4F4}
		{B4402463-B036-419C-885A-E45771B7E6B8} = {F7D69287-DEB1-42C2-BB2E-8C6F8F606FA8}
		{D2E7C446-5142-4100-8361-CB39E0C62B74} = {F7D69287-DEB1-42C2-BB2E-8C6F8F606FA8}
		{2C750E70-F988-4A03-8C14-2E8AA5629D2E} = {F7D69287-DEB1-42C2-BB2E-8C6F8F606FA8}
		{8E5472F5-735B-40D1-A276-B5D7E5F95804} = {9F8F4B7B-30BA-4670-BA01-3C8C40605B3D}
		{EE5E9F07-EF3E-431F-8D35-FDBBF9FFD1AC} = {9F8F4B7B-30BA-4670-BA01-3C8C40605B3D}
		{0738FC86-3463-47F8-B904-658A45F64BE2} = {9F8F4B7B-30BA-4670-BA01-3C8C40605B3D}
	EndGlobalSection
	GlobalSection(ExtensibilityGlobals) = postSolution
		SolutionGuid = {23C9275F-88E3-40A6-8DF8-887FA67C13E0}
	EndGlobalSection
EndGlobal
